
Microsoft Visual Studio Solution File, Format Version 12.00
# Visual Studio 14
VisualStudioVersion = 14.0.25420.1
MinimumVisualStudioVersion = 10.0.40219.1
Project("{FAE04EC0-301F-11D3-BF4B-00C04F79EFBC}") = "TrackerLibrary", "TrackerLibrary\TrackerLibrary.csproj", "{929F2366-EFD0-418F-A1CC-990911E861E5}"
EndProject
Project("{FAE04EC0-301F-11D3-BF4B-00C04F79EFBC}") = "TrackerUI", "TrackerUI\TrackerUI.csproj", "{2967AFFF-0347-4E2E-A5E1-EE96BAC5EC3E}"
EndProject
Global
	GlobalSection(SolutionConfigurationPlatforms) = preSolution
		Debug|Any CPU = Debug|Any CPU
		Release|Any CPU = Release|Any CPU
	EndGlobalSection
	GlobalSection(ProjectConfigurationPlatforms) = postSolution
		{929F2366-EFD0-418F-A1CC-990911E861E5}.Debug|Any CPU.ActiveCfg = Debug|Any CPU
		{929F2366-EFD0-418F-A1CC-990911E861E5}.Debug|Any CPU.Build.0 = Debug|Any CPU
		{929F2366-EFD0-418F-A1CC-990911E861E5}.Release|Any CPU.ActiveCfg = Release|Any CPU
		{929F2366-EFD0-418F-A1CC-990911E861E5}.Release|Any CPU.Build.0 = Release|Any CPU
		{2967AFFF-0347-4E2E-A5E1-EE96BAC5EC3E}.Debug|Any CPU.ActiveCfg = Debug|Any CPU
		{2967AFFF-0347-4E2E-A5E1-EE96BAC5EC3E}.Debug|Any CPU.Build.0 = Debug|Any CPU
		{2967AFFF-0347-4E2E-A5E1-EE96BAC5EC3E}.Release|Any CPU.ActiveCfg = Release|Any CPU
		{2967AFFF-0347-4E2E-A5E1-EE96BAC5EC3E}.Release|Any CPU.Build.0 = Release|Any CPU
	EndGlobalSection
	GlobalSection(SolutionProperties) = preSolution
		HideSolutionNode = FALSE
	EndGlobalSection
EndGlobal
